
Microsoft Visual Studio Solution File, Format Version 12.00
# Visual Studio Version 17
VisualStudioVersion = 17.5.33530.505
MinimumVisualStudioVersion = 10.0.40219.1
Project("{FAE04EC0-301F-11D3-BF4B-00C04F79EFBC}") = "AppTempo", "AppTempo\AppTempo.csproj", "{3833FE75-FB8C-40A0-B468-89CAD285291C}"
EndProject
Global
	GlobalSection(SolutionConfigurationPlatforms) = preSolution
		Debug|Any CPU = Debug|Any CPU
		Release|Any CPU = Release|Any CPU
	EndGlobalSection
	GlobalSection(ProjectConfigurationPlatforms) = postSolution
		{3833FE75-FB8C-40A0-B468-89CAD285291C}.Debug|Any CPU.ActiveCfg = Debug|Any CPU
		{3833FE75-FB8C-40A0-B468-89CAD285291C}.Debug|Any CPU.Build.0 = Debug|Any CPU
		{3833FE75-FB8C-40A0-B468-89CAD285291C}.Release|Any CPU.ActiveCfg = Release|Any CPU
		{3833FE75-FB8C-40A0-B468-89CAD285291C}.Release|Any CPU.Build.0 = Release|Any CPU
	EndGlobalSection
	GlobalSection(SolutionProperties) = preSolution
		HideSolutionNode = FALSE
	EndGlobalSection
	GlobalSection(ExtensibilityGlobals) = postSolution
		SolutionGuid = {819BCED3-F8AB-44FB-8D87-91F32995BD45}
	EndGlobalSection
EndGlobal
