
Microsoft Visual Studio Solution File, Format Version 12.00
# Visual Studio Version 17
VisualStudioVersion = 17.5.33530.505
MinimumVisualStudioVersion = 10.0.40219.1
Project("{FAE04EC0-301F-11D3-BF4B-00C04F79EFBC}") = "Consulta CEP", "Consulta CEP\Consulta CEP.csproj", "{03BAD799-DDE4-4BC1-9495-203466B39365}"
EndProject
Global
	GlobalSection(SolutionConfigurationPlatforms) = preSolution
		Debug|Any CPU = Debug|Any CPU
		Release|Any CPU = Release|Any CPU
	EndGlobalSection
	GlobalSection(ProjectConfigurationPlatforms) = postSolution
		{03BAD799-DDE4-4BC1-9495-203466B39365}.Debug|Any CPU.ActiveCfg = Debug|Any CPU
		{03BAD799-DDE4-4BC1-9495-203466B39365}.Debug|Any CPU.Build.0 = Debug|Any CPU
		{03BAD799-DDE4-4BC1-9495-203466B39365}.Release|Any CPU.ActiveCfg = Release|Any CPU
		{03BAD799-DDE4-4BC1-9495-203466B39365}.Release|Any CPU.Build.0 = Release|Any CPU
	EndGlobalSection
	GlobalSection(SolutionProperties) = preSolution
		HideSolutionNode = FALSE
	EndGlobalSection
	GlobalSection(ExtensibilityGlobals) = postSolution
		SolutionGuid = {2444CA22-C95F-473A-A9AC-013417409663}
	EndGlobalSection
EndGlobal
